
Microsoft Visual Studio Solution File, Format Version 12.00
# Visual Studio Version 16
VisualStudioVersion = 25.0.1703.8
MinimumVisualStudioVersion = 10.0.40219.1
Project("{FAE04EC0-301F-11D3-BF4B-00C04F79EFBC}") = "P01_RandomizeWords", "P01_RandomizeWords\P01_RandomizeWords.csproj", "{C516CF02-4FDE-4027-A412-3FE81736E0E3}"
EndProject
Project("{FAE04EC0-301F-11D3-BF4B-00C04F79EFBC}") = "P02_BigFactorial", "P02_BigFactorial\P02_BigFactorial.csproj", "{AE42773B-773E-49C2-9499-555EA390EAD6}"
EndProject
Project("{FAE04EC0-301F-11D3-BF4B-00C04F79EFBC}") = "P03_Songs", "P03_Songs\P03_Songs.csproj", "{F827578E-9EC1-4BE4-94AF-55FD3256AC7B}"
EndProject
Project("{FAE04EC0-301F-11D3-BF4B-00C04F79EFBC}") = "P04_Students", "P04_Students\P04_Students.csproj", "{0E5147D7-E2BE-4E31-9EA4-8DDBA2A9BE14}"
EndProject
Global
	GlobalSection(SolutionConfigurationPlatforms) = preSolution
		Debug|Any CPU = Debug|Any CPU
		Release|Any CPU = Release|Any CPU
	EndGlobalSection
	GlobalSection(ProjectConfigurationPlatforms) = postSolution
		{C516CF02-4FDE-4027-A412-3FE81736E0E3}.Debug|Any CPU.ActiveCfg = Debug|Any CPU
		{C516CF02-4FDE-4027-A412-3FE81736E0E3}.Debug|Any CPU.Build.0 = Debug|Any CPU
		{C516CF02-4FDE-4027-A412-3FE81736E0E3}.Release|Any CPU.ActiveCfg = Release|Any CPU
		{C516CF02-4FDE-4027-A412-3FE81736E0E3}.Release|Any CPU.Build.0 = Release|Any CPU
		{AE42773B-773E-49C2-9499-555EA390EAD6}.Debug|Any CPU.ActiveCfg = Debug|Any CPU
		{AE42773B-773E-49C2-9499-555EA390EAD6}.Debug|Any CPU.Build.0 = Debug|Any CPU
		{AE42773B-773E-49C2-9499-555EA390EAD6}.Release|Any CPU.ActiveCfg = Release|Any CPU
		{AE42773B-773E-49C2-9499-555EA390EAD6}.Release|Any CPU.Build.0 = Release|Any CPU
		{F827578E-9EC1-4BE4-94AF-55FD3256AC7B}.Debug|Any CPU.ActiveCfg = Debug|Any CPU
		{F827578E-9EC1-4BE4-94AF-55FD3256AC7B}.Debug|Any CPU.Build.0 = Debug|Any CPU
		{F827578E-9EC1-4BE4-94AF-55FD3256AC7B}.Release|Any CPU.ActiveCfg = Release|Any CPU
		{F827578E-9EC1-4BE4-94AF-55FD3256AC7B}.Release|Any CPU.Build.0 = Release|Any CPU
		{0E5147D7-E2BE-4E31-9EA4-8DDBA2A9BE14}.Debug|Any CPU.ActiveCfg = Debug|Any CPU
		{0E5147D7-E2BE-4E31-9EA4-8DDBA2A9BE14}.Debug|Any CPU.Build.0 = Debug|Any CPU
		{0E5147D7-E2BE-4E31-9EA4-8DDBA2A9BE14}.Release|Any CPU.ActiveCfg = Release|Any CPU
		{0E5147D7-E2BE-4E31-9EA4-8DDBA2A9BE14}.Release|Any CPU.Build.0 = Release|Any CPU
	EndGlobalSection
	GlobalSection(SolutionProperties) = preSolution
		HideSolutionNode = FALSE
	EndGlobalSection
	GlobalSection(ExtensibilityGlobals) = postSolution
		SolutionGuid = {A90E577F-1631-4E01-A9DD-673A8D6DA2DB}
	EndGlobalSection
EndGlobal
