
Microsoft Visual Studio Solution File, Format Version 12.00
# Visual Studio Version 16
VisualStudioVersion = 16.0.810.25
MinimumVisualStudioVersion = 10.0.40219.1
Project("{FAE04EC0-301F-11D3-BF4B-00C04F79EFBC}") = "P01_GuineaPig", "P01_GuineaPig\P01_GuineaPig.csproj", "{B9AB46F1-A8F4-42FC-A06A-E198F9C7F4EC}"
EndProject
Project("{FAE04EC0-301F-11D3-BF4B-00C04F79EFBC}") = "P02_ShoppingList", "P02_ShoppingList\P02_ShoppingList.csproj", "{0CA2BDDC-FBFE-44D7-B237-BBCF98CA5FF3}"
EndProject
Global
	GlobalSection(SolutionConfigurationPlatforms) = preSolution
		Debug|Any CPU = Debug|Any CPU
		Release|Any CPU = Release|Any CPU
	EndGlobalSection
	GlobalSection(ProjectConfigurationPlatforms) = postSolution
		{B9AB46F1-A8F4-42FC-A06A-E198F9C7F4EC}.Debug|Any CPU.ActiveCfg = Debug|Any CPU
		{B9AB46F1-A8F4-42FC-A06A-E198F9C7F4EC}.Debug|Any CPU.Build.0 = Debug|Any CPU
		{B9AB46F1-A8F4-42FC-A06A-E198F9C7F4EC}.Release|Any CPU.ActiveCfg = Release|Any CPU
		{B9AB46F1-A8F4-42FC-A06A-E198F9C7F4EC}.Release|Any CPU.Build.0 = Release|Any CPU
		{0CA2BDDC-FBFE-44D7-B237-BBCF98CA5FF3}.Debug|Any CPU.ActiveCfg = Debug|Any CPU
		{0CA2BDDC-FBFE-44D7-B237-BBCF98CA5FF3}.Debug|Any CPU.Build.0 = Debug|Any CPU
		{0CA2BDDC-FBFE-44D7-B237-BBCF98CA5FF3}.Release|Any CPU.ActiveCfg = Release|Any CPU
		{0CA2BDDC-FBFE-44D7-B237-BBCF98CA5FF3}.Release|Any CPU.Build.0 = Release|Any CPU
	EndGlobalSection
	GlobalSection(SolutionProperties) = preSolution
		HideSolutionNode = FALSE
	EndGlobalSection
	GlobalSection(ExtensibilityGlobals) = postSolution
		SolutionGuid = {FB3EAD3C-DDDD-4EAB-8D45-FB0811E7719A}
	EndGlobalSection
EndGlobal
