
Microsoft Visual Studio Solution File, Format Version 12.00
# Visual Studio Version 16
VisualStudioVersion = 25.0.1703.1
MinimumVisualStudioVersion = 10.0.40219.1
Project("{FAE04EC0-301F-11D3-BF4B-00C04F79EFBC}") = "P01_ConvertMetersToKilometers", "P01_ConvertMetersToKilometers\P01_ConvertMetersToKilometers.csproj", "{A05F7684-0579-4D71-B830-297C59D0EA6A}"
EndProject
Project("{FAE04EC0-301F-11D3-BF4B-00C04F79EFBC}") = "P02_PoundsToDollars", "P02_PoundsToDollars\P02_PoundsToDollars.csproj", "{DF815832-A08C-4B12-8D0F-EFC58F17FF5A}"
EndProject
Project("{FAE04EC0-301F-11D3-BF4B-00C04F79EFBC}") = "P03_ExactSumOfRealNumbers", "P03_ExactSumOfRealNumbers\P03_ExactSumOfRealNumbers.csproj", "{57EB84A6-05E1-45E9-9759-4678C28F285D}"
EndProject
Project("{FAE04EC0-301F-11D3-BF4B-00C04F79EFBC}") = "P04_CenturiesToMinutes", "P04_CenturiesToMinutes\P04_CenturiesToMinutes.csproj", "{8A6572C6-DBC0-4009-AF81-03216A0A3B7E}"
EndProject
Project("{FAE04EC0-301F-11D3-BF4B-00C04F79EFBC}") = "P05_SpecialNumbers", "P05_SpecialNumbers\P05_SpecialNumbers.csproj", "{544948F0-9AB8-43EB-85A6-E28C7B8DDB29}"
EndProject
Global
	GlobalSection(SolutionConfigurationPlatforms) = preSolution
		Debug|Any CPU = Debug|Any CPU
		Release|Any CPU = Release|Any CPU
	EndGlobalSection
	GlobalSection(ProjectConfigurationPlatforms) = postSolution
		{A05F7684-0579-4D71-B830-297C59D0EA6A}.Debug|Any CPU.ActiveCfg = Debug|Any CPU
		{A05F7684-0579-4D71-B830-297C59D0EA6A}.Debug|Any CPU.Build.0 = Debug|Any CPU
		{A05F7684-0579-4D71-B830-297C59D0EA6A}.Release|Any CPU.ActiveCfg = Release|Any CPU
		{A05F7684-0579-4D71-B830-297C59D0EA6A}.Release|Any CPU.Build.0 = Release|Any CPU
		{DF815832-A08C-4B12-8D0F-EFC58F17FF5A}.Debug|Any CPU.ActiveCfg = Debug|Any CPU
		{DF815832-A08C-4B12-8D0F-EFC58F17FF5A}.Debug|Any CPU.Build.0 = Debug|Any CPU
		{DF815832-A08C-4B12-8D0F-EFC58F17FF5A}.Release|Any CPU.ActiveCfg = Release|Any CPU
		{DF815832-A08C-4B12-8D0F-EFC58F17FF5A}.Release|Any CPU.Build.0 = Release|Any CPU
		{57EB84A6-05E1-45E9-9759-4678C28F285D}.Debug|Any CPU.ActiveCfg = Debug|Any CPU
		{57EB84A6-05E1-45E9-9759-4678C28F285D}.Debug|Any CPU.Build.0 = Debug|Any CPU
		{57EB84A6-05E1-45E9-9759-4678C28F285D}.Release|Any CPU.ActiveCfg = Release|Any CPU
		{57EB84A6-05E1-45E9-9759-4678C28F285D}.Release|Any CPU.Build.0 = Release|Any CPU
		{8A6572C6-DBC0-4009-AF81-03216A0A3B7E}.Debug|Any CPU.ActiveCfg = Debug|Any CPU
		{8A6572C6-DBC0-4009-AF81-03216A0A3B7E}.Debug|Any CPU.Build.0 = Debug|Any CPU
		{8A6572C6-DBC0-4009-AF81-03216A0A3B7E}.Release|Any CPU.ActiveCfg = Release|Any CPU
		{8A6572C6-DBC0-4009-AF81-03216A0A3B7E}.Release|Any CPU.Build.0 = Release|Any CPU
		{544948F0-9AB8-43EB-85A6-E28C7B8DDB29}.Debug|Any CPU.ActiveCfg = Debug|Any CPU
		{544948F0-9AB8-43EB-85A6-E28C7B8DDB29}.Debug|Any CPU.Build.0 = Debug|Any CPU
		{544948F0-9AB8-43EB-85A6-E28C7B8DDB29}.Release|Any CPU.ActiveCfg = Release|Any CPU
		{544948F0-9AB8-43EB-85A6-E28C7B8DDB29}.Release|Any CPU.Build.0 = Release|Any CPU
	EndGlobalSection
	GlobalSection(SolutionProperties) = preSolution
		HideSolutionNode = FALSE
	EndGlobalSection
	GlobalSection(ExtensibilityGlobals) = postSolution
		SolutionGuid = {93F4F4E1-C44B-4445-85BC-219DC634D15E}
	EndGlobalSection
EndGlobal
