
Microsoft Visual Studio Solution File, Format Version 12.00
# Visual Studio Version 16
VisualStudioVersion = 25.0.1704.1
MinimumVisualStudioVersion = 10.0.40219.1
Project("{FAE04EC0-301F-11D3-BF4B-00C04F79EFBC}") = "P01_DataTypes", "P01_DataTypes\P01_DataTypes.csproj", "{39F4FCBC-5E1B-4E86-B2E3-61B059BF0E72}"
EndProject
Global
	GlobalSection(SolutionConfigurationPlatforms) = preSolution
		Debug|Any CPU = Debug|Any CPU
		Release|Any CPU = Release|Any CPU
	EndGlobalSection
	GlobalSection(ProjectConfigurationPlatforms) = postSolution
		{39F4FCBC-5E1B-4E86-B2E3-61B059BF0E72}.Debug|Any CPU.ActiveCfg = Debug|Any CPU
		{39F4FCBC-5E1B-4E86-B2E3-61B059BF0E72}.Debug|Any CPU.Build.0 = Debug|Any CPU
		{39F4FCBC-5E1B-4E86-B2E3-61B059BF0E72}.Release|Any CPU.ActiveCfg = Release|Any CPU
		{39F4FCBC-5E1B-4E86-B2E3-61B059BF0E72}.Release|Any CPU.Build.0 = Release|Any CPU
	EndGlobalSection
	GlobalSection(SolutionProperties) = preSolution
		HideSolutionNode = FALSE
	EndGlobalSection
	GlobalSection(ExtensibilityGlobals) = postSolution
		SolutionGuid = {EB9F2F26-19A4-4B76-BA1D-0F008D4F996A}
	EndGlobalSection
EndGlobal
