
Microsoft Visual Studio Solution File, Format Version 12.00
# Visual Studio Version 16
VisualStudioVersion = 25.0.1704.0
MinimumVisualStudioVersion = 10.0.40219.1
Project("{FAE04EC0-301F-11D3-BF4B-00C04F79EFBC}") = "P01_BinaryDigitsCount", "P01_BinaryDigitsCount\P01_BinaryDigitsCount.csproj", "{2A8523B8-9DBE-43A5-818F-29B3D9AB71C3}"
EndProject
Project("{FAE04EC0-301F-11D3-BF4B-00C04F79EFBC}") = "P02_BitAtPosition1", "P02_BitAtPosition1\P02_BitAtPosition1.csproj", "{FDBBD9A7-253C-4118-AE8A-4CF345129C49}"
EndProject
Global
	GlobalSection(SolutionConfigurationPlatforms) = preSolution
		Debug|Any CPU = Debug|Any CPU
		Release|Any CPU = Release|Any CPU
	EndGlobalSection
	GlobalSection(ProjectConfigurationPlatforms) = postSolution
		{2A8523B8-9DBE-43A5-818F-29B3D9AB71C3}.Debug|Any CPU.ActiveCfg = Debug|Any CPU
		{2A8523B8-9DBE-43A5-818F-29B3D9AB71C3}.Debug|Any CPU.Build.0 = Debug|Any CPU
		{2A8523B8-9DBE-43A5-818F-29B3D9AB71C3}.Release|Any CPU.ActiveCfg = Release|Any CPU
		{2A8523B8-9DBE-43A5-818F-29B3D9AB71C3}.Release|Any CPU.Build.0 = Release|Any CPU
		{FDBBD9A7-253C-4118-AE8A-4CF345129C49}.Debug|Any CPU.ActiveCfg = Debug|Any CPU
		{FDBBD9A7-253C-4118-AE8A-4CF345129C49}.Debug|Any CPU.Build.0 = Debug|Any CPU
		{FDBBD9A7-253C-4118-AE8A-4CF345129C49}.Release|Any CPU.ActiveCfg = Release|Any CPU
		{FDBBD9A7-253C-4118-AE8A-4CF345129C49}.Release|Any CPU.Build.0 = Release|Any CPU
	EndGlobalSection
	GlobalSection(SolutionProperties) = preSolution
		HideSolutionNode = FALSE
	EndGlobalSection
	GlobalSection(ExtensibilityGlobals) = postSolution
		SolutionGuid = {D74135E4-BE74-44AE-B155-09165E5A1341}
	EndGlobalSection
EndGlobal
