
Microsoft Visual Studio Solution File, Format Version 12.00
# Visual Studio Version 16
VisualStudioVersion = 25.0.1703.8
MinimumVisualStudioVersion = 10.0.40219.1
Project("{FAE04EC0-301F-11D3-BF4B-00C04F79EFBC}") = "P01_AdvertisementMessage", "P01_AdvertisementMessage\P01_AdvertisementMessage.csproj", "{ADC8E262-B24C-45BF-BD9B-BFD92C068508}"
EndProject
Project("{FAE04EC0-301F-11D3-BF4B-00C04F79EFBC}") = "P02_Articles", "P02_Articles\P02_Articles.csproj", "{31D2FC4B-490B-4071-98D3-7C017FD11791}"
EndProject
Project("{FAE04EC0-301F-11D3-BF4B-00C04F79EFBC}") = "P03_Articles2.0", "P03_Articles2.0\P03_Articles2.0.csproj", "{A4C2DAD7-D477-494D-88F6-D77F155AA27C}"
EndProject
Global
	GlobalSection(SolutionConfigurationPlatforms) = preSolution
		Debug|Any CPU = Debug|Any CPU
		Release|Any CPU = Release|Any CPU
	EndGlobalSection
	GlobalSection(ProjectConfigurationPlatforms) = postSolution
		{ADC8E262-B24C-45BF-BD9B-BFD92C068508}.Debug|Any CPU.ActiveCfg = Debug|Any CPU
		{ADC8E262-B24C-45BF-BD9B-BFD92C068508}.Debug|Any CPU.Build.0 = Debug|Any CPU
		{ADC8E262-B24C-45BF-BD9B-BFD92C068508}.Release|Any CPU.ActiveCfg = Release|Any CPU
		{ADC8E262-B24C-45BF-BD9B-BFD92C068508}.Release|Any CPU.Build.0 = Release|Any CPU
		{31D2FC4B-490B-4071-98D3-7C017FD11791}.Debug|Any CPU.ActiveCfg = Debug|Any CPU
		{31D2FC4B-490B-4071-98D3-7C017FD11791}.Debug|Any CPU.Build.0 = Debug|Any CPU
		{31D2FC4B-490B-4071-98D3-7C017FD11791}.Release|Any CPU.ActiveCfg = Release|Any CPU
		{31D2FC4B-490B-4071-98D3-7C017FD11791}.Release|Any CPU.Build.0 = Release|Any CPU
		{A4C2DAD7-D477-494D-88F6-D77F155AA27C}.Debug|Any CPU.ActiveCfg = Debug|Any CPU
		{A4C2DAD7-D477-494D-88F6-D77F155AA27C}.Debug|Any CPU.Build.0 = Debug|Any CPU
		{A4C2DAD7-D477-494D-88F6-D77F155AA27C}.Release|Any CPU.ActiveCfg = Release|Any CPU
		{A4C2DAD7-D477-494D-88F6-D77F155AA27C}.Release|Any CPU.Build.0 = Release|Any CPU
	EndGlobalSection
	GlobalSection(SolutionProperties) = preSolution
		HideSolutionNode = FALSE
	EndGlobalSection
	GlobalSection(ExtensibilityGlobals) = postSolution
		SolutionGuid = {3E58A8CE-BDDA-4506-8704-161C383CE50C}
	EndGlobalSection
EndGlobal
