
Microsoft Visual Studio Solution File, Format Version 12.00
# Visual Studio Version 16
VisualStudioVersion = 25.0.1704.0
MinimumVisualStudioVersion = 10.0.40219.1
Project("{FAE04EC0-301F-11D3-BF4B-00C04F79EFBC}") = "P01_MatchFullName", "P01_MatchFullName\P01_MatchFullName.csproj", "{6FF5D280-9B01-4D93-A360-2C4348B9BE91}"
EndProject
Project("{FAE04EC0-301F-11D3-BF4B-00C04F79EFBC}") = "P02_MatchPhoneNumber", "P02_MatchPhoneNumber\P02_MatchPhoneNumber.csproj", "{6050BB92-419F-4D6F-B387-14A99CDAEA5E}"
EndProject
Global
	GlobalSection(SolutionConfigurationPlatforms) = preSolution
		Debug|Any CPU = Debug|Any CPU
		Release|Any CPU = Release|Any CPU
	EndGlobalSection
	GlobalSection(ProjectConfigurationPlatforms) = postSolution
		{6FF5D280-9B01-4D93-A360-2C4348B9BE91}.Debug|Any CPU.ActiveCfg = Debug|Any CPU
		{6FF5D280-9B01-4D93-A360-2C4348B9BE91}.Debug|Any CPU.Build.0 = Debug|Any CPU
		{6FF5D280-9B01-4D93-A360-2C4348B9BE91}.Release|Any CPU.ActiveCfg = Release|Any CPU
		{6FF5D280-9B01-4D93-A360-2C4348B9BE91}.Release|Any CPU.Build.0 = Release|Any CPU
		{6050BB92-419F-4D6F-B387-14A99CDAEA5E}.Debug|Any CPU.ActiveCfg = Debug|Any CPU
		{6050BB92-419F-4D6F-B387-14A99CDAEA5E}.Debug|Any CPU.Build.0 = Debug|Any CPU
		{6050BB92-419F-4D6F-B387-14A99CDAEA5E}.Release|Any CPU.ActiveCfg = Release|Any CPU
		{6050BB92-419F-4D6F-B387-14A99CDAEA5E}.Release|Any CPU.Build.0 = Release|Any CPU
	EndGlobalSection
	GlobalSection(SolutionProperties) = preSolution
		HideSolutionNode = FALSE
	EndGlobalSection
	GlobalSection(ExtensibilityGlobals) = postSolution
		SolutionGuid = {1DA1DE5B-0E21-4D1B-BA4F-46A5EFBC1747}
	EndGlobalSection
EndGlobal
