
Microsoft Visual Studio Solution File, Format Version 12.00
# Visual Studio Version 16
VisualStudioVersion = 16.0.810.25
MinimumVisualStudioVersion = 10.0.40219.1
Project("{FAE04EC0-301F-11D3-BF4B-00C04F79EFBC}") = "P01_TheHuntingGames", "P01_TheHuntingGames\P01_TheHuntingGames.csproj", "{F8621D06-5BAE-4CC9-BE33-35D0BF778E43}"
EndProject
Project("{FAE04EC0-301F-11D3-BF4B-00C04F79EFBC}") = "P02_SpaceTravel", "P02_SpaceTravel\P02_SpaceTravel.csproj", "{50E0D4C8-8810-4727-8D90-C599152D5072}"
EndProject
Project("{FAE04EC0-301F-11D3-BF4B-00C04F79EFBC}") = "P03_SchoolLibrary", "P03_SchoolLibrary\P03_SchoolLibrary.csproj", "{2236A6F7-57B6-4C8B-B779-CBA365D232BB}"
EndProject
Global
	GlobalSection(SolutionConfigurationPlatforms) = preSolution
		Debug|Any CPU = Debug|Any CPU
		Release|Any CPU = Release|Any CPU
	EndGlobalSection
	GlobalSection(ProjectConfigurationPlatforms) = postSolution
		{F8621D06-5BAE-4CC9-BE33-35D0BF778E43}.Debug|Any CPU.ActiveCfg = Debug|Any CPU
		{F8621D06-5BAE-4CC9-BE33-35D0BF778E43}.Debug|Any CPU.Build.0 = Debug|Any CPU
		{F8621D06-5BAE-4CC9-BE33-35D0BF778E43}.Release|Any CPU.ActiveCfg = Release|Any CPU
		{F8621D06-5BAE-4CC9-BE33-35D0BF778E43}.Release|Any CPU.Build.0 = Release|Any CPU
		{50E0D4C8-8810-4727-8D90-C599152D5072}.Debug|Any CPU.ActiveCfg = Debug|Any CPU
		{50E0D4C8-8810-4727-8D90-C599152D5072}.Debug|Any CPU.Build.0 = Debug|Any CPU
		{50E0D4C8-8810-4727-8D90-C599152D5072}.Release|Any CPU.ActiveCfg = Release|Any CPU
		{50E0D4C8-8810-4727-8D90-C599152D5072}.Release|Any CPU.Build.0 = Release|Any CPU
		{2236A6F7-57B6-4C8B-B779-CBA365D232BB}.Debug|Any CPU.ActiveCfg = Debug|Any CPU
		{2236A6F7-57B6-4C8B-B779-CBA365D232BB}.Debug|Any CPU.Build.0 = Debug|Any CPU
		{2236A6F7-57B6-4C8B-B779-CBA365D232BB}.Release|Any CPU.ActiveCfg = Release|Any CPU
		{2236A6F7-57B6-4C8B-B779-CBA365D232BB}.Release|Any CPU.Build.0 = Release|Any CPU
	EndGlobalSection
	GlobalSection(SolutionProperties) = preSolution
		HideSolutionNode = FALSE
	EndGlobalSection
	GlobalSection(ExtensibilityGlobals) = postSolution
		SolutionGuid = {59A6E4F9-678E-40DF-B6DE-B0C9C5745A67}
	EndGlobalSection
EndGlobal
