
Microsoft Visual Studio Solution File, Format Version 12.00
# Visual Studio Version 16
VisualStudioVersion = 25.0.1703.8
MinimumVisualStudioVersion = 10.0.40219.1
Project("{FAE04EC0-301F-11D3-BF4B-00C04F79EFBC}") = "P01_CountRealNumbers", "P01_CountRealNumbers\P01_CountRealNumbers.csproj", "{40CE91E1-23A3-40B6-A74B-24BCFA70B11D}"
EndProject
Project("{FAE04EC0-301F-11D3-BF4B-00C04F79EFBC}") = "P02_OddOccurrences", "P02_OddOccurrences\P02_OddOccurrences.csproj", "{CCC08D4A-DFF8-419A-9985-DE8CA180C1DE}"
EndProject
Project("{FAE04EC0-301F-11D3-BF4B-00C04F79EFBC}") = "P03_WordSynonyms", "P03_WordSynonyms\P03_WordSynonyms.csproj", "{4B0974E6-F390-4038-A5E3-6E89EA950A12}"
EndProject
Global
	GlobalSection(SolutionConfigurationPlatforms) = preSolution
		Debug|Any CPU = Debug|Any CPU
		Release|Any CPU = Release|Any CPU
	EndGlobalSection
	GlobalSection(ProjectConfigurationPlatforms) = postSolution
		{40CE91E1-23A3-40B6-A74B-24BCFA70B11D}.Debug|Any CPU.ActiveCfg = Debug|Any CPU
		{40CE91E1-23A3-40B6-A74B-24BCFA70B11D}.Debug|Any CPU.Build.0 = Debug|Any CPU
		{40CE91E1-23A3-40B6-A74B-24BCFA70B11D}.Release|Any CPU.ActiveCfg = Release|Any CPU
		{40CE91E1-23A3-40B6-A74B-24BCFA70B11D}.Release|Any CPU.Build.0 = Release|Any CPU
		{CCC08D4A-DFF8-419A-9985-DE8CA180C1DE}.Debug|Any CPU.ActiveCfg = Debug|Any CPU
		{CCC08D4A-DFF8-419A-9985-DE8CA180C1DE}.Debug|Any CPU.Build.0 = Debug|Any CPU
		{CCC08D4A-DFF8-419A-9985-DE8CA180C1DE}.Release|Any CPU.ActiveCfg = Release|Any CPU
		{CCC08D4A-DFF8-419A-9985-DE8CA180C1DE}.Release|Any CPU.Build.0 = Release|Any CPU
		{4B0974E6-F390-4038-A5E3-6E89EA950A12}.Debug|Any CPU.ActiveCfg = Debug|Any CPU
		{4B0974E6-F390-4038-A5E3-6E89EA950A12}.Debug|Any CPU.Build.0 = Debug|Any CPU
		{4B0974E6-F390-4038-A5E3-6E89EA950A12}.Release|Any CPU.ActiveCfg = Release|Any CPU
		{4B0974E6-F390-4038-A5E3-6E89EA950A12}.Release|Any CPU.Build.0 = Release|Any CPU
	EndGlobalSection
	GlobalSection(SolutionProperties) = preSolution
		HideSolutionNode = FALSE
	EndGlobalSection
	GlobalSection(ExtensibilityGlobals) = postSolution
		SolutionGuid = {3BD60D1F-A9FC-45BF-BB97-43430498EC1F}
	EndGlobalSection
EndGlobal
