
Microsoft Visual Studio Solution File, Format Version 12.00
# Visual Studio Version 16
VisualStudioVersion = 16.0.810.25
MinimumVisualStudioVersion = 10.0.40219.1
Project("{FAE04EC0-301F-11D3-BF4B-00C04F79EFBC}") = "P01_SmallestOfThreeNumbers", "P01_SmallestOfThreeNumbers\P01_SmallestOfThreeNumbers.csproj", "{347855EF-18A5-407B-BE18-7D0F59A9F084}"
EndProject
Project("{FAE04EC0-301F-11D3-BF4B-00C04F79EFBC}") = "P02_VowelsCount", "P02_VowelsCount\P02_VowelsCount.csproj", "{415BFDB6-4BB2-4812-AA78-EFC132CBFD7E}"
EndProject
Project("{FAE04EC0-301F-11D3-BF4B-00C04F79EFBC}") = "P03_CharactersInRange", "P03_CharactersInRange\P03_CharactersInRange.csproj", "{45FF50CC-E9B8-4D4A-8158-E412A73305C7}"
EndProject
Project("{FAE04EC0-301F-11D3-BF4B-00C04F79EFBC}") = "P04_PasswordValidator", "P04_PasswordValidator\P04_PasswordValidator.csproj", "{0003AE6B-F7C2-4A50-B5D0-954F4BF3059F}"
EndProject
Project("{FAE04EC0-301F-11D3-BF4B-00C04F79EFBC}") = "P05_AddAndSubtract", "P05_AddAndSubtract\P05_AddAndSubtract.csproj", "{41C81969-BB1E-4875-992B-59031B3E54E9}"
EndProject
Project("{FAE04EC0-301F-11D3-BF4B-00C04F79EFBC}") = "P06_MiddleCharacters", "P06_MiddleCharacters\P06_MiddleCharacters.csproj", "{C392564B-614E-4A7E-B112-11762E181668}"
EndProject
Project("{FAE04EC0-301F-11D3-BF4B-00C04F79EFBC}") = "P07_NxNMatrix", "P07_NxNMatrix\P07_NxNMatrix.csproj", "{BA096E4C-4C8B-4D94-AC18-C2C266DE1824}"
EndProject
Project("{FAE04EC0-301F-11D3-BF4B-00C04F79EFBC}") = "P08_FactorialDivision", "P08_FactorialDivision\P08_FactorialDivision.csproj", "{D8670E1E-19C5-4A9E-8B36-3E6340148B14}"
EndProject
Project("{FAE04EC0-301F-11D3-BF4B-00C04F79EFBC}") = "P09_PalindromeIntegers", "P09_PalindromeIntegers\P09_PalindromeIntegers.csproj", "{38365325-0A64-411B-878E-DC5924610CDF}"
EndProject
Project("{FAE04EC0-301F-11D3-BF4B-00C04F79EFBC}") = "P10_TopNumber", "P10_TopNumber\P10_TopNumber.csproj", "{5FCD4CA3-134E-41D9-8F66-BA01C9C8B911}"
EndProject
Project("{FAE04EC0-301F-11D3-BF4B-00C04F79EFBC}") = "P11_ArrayManipulator", "P11_ArrayManipulator\P11_ArrayManipulator.csproj", "{FE69F654-E673-4869-8A3E-78B07CF67560}"
EndProject
Global
	GlobalSection(SolutionConfigurationPlatforms) = preSolution
		Debug|Any CPU = Debug|Any CPU
		Release|Any CPU = Release|Any CPU
	EndGlobalSection
	GlobalSection(ProjectConfigurationPlatforms) = postSolution
		{347855EF-18A5-407B-BE18-7D0F59A9F084}.Debug|Any CPU.ActiveCfg = Debug|Any CPU
		{347855EF-18A5-407B-BE18-7D0F59A9F084}.Debug|Any CPU.Build.0 = Debug|Any CPU
		{347855EF-18A5-407B-BE18-7D0F59A9F084}.Release|Any CPU.ActiveCfg = Release|Any CPU
		{347855EF-18A5-407B-BE18-7D0F59A9F084}.Release|Any CPU.Build.0 = Release|Any CPU
		{415BFDB6-4BB2-4812-AA78-EFC132CBFD7E}.Debug|Any CPU.ActiveCfg = Debug|Any CPU
		{415BFDB6-4BB2-4812-AA78-EFC132CBFD7E}.Debug|Any CPU.Build.0 = Debug|Any CPU
		{415BFDB6-4BB2-4812-AA78-EFC132CBFD7E}.Release|Any CPU.ActiveCfg = Release|Any CPU
		{415BFDB6-4BB2-4812-AA78-EFC132CBFD7E}.Release|Any CPU.Build.0 = Release|Any CPU
		{45FF50CC-E9B8-4D4A-8158-E412A73305C7}.Debug|Any CPU.ActiveCfg = Debug|Any CPU
		{45FF50CC-E9B8-4D4A-8158-E412A73305C7}.Debug|Any CPU.Build.0 = Debug|Any CPU
		{45FF50CC-E9B8-4D4A-8158-E412A73305C7}.Release|Any CPU.ActiveCfg = Release|Any CPU
		{45FF50CC-E9B8-4D4A-8158-E412A73305C7}.Release|Any CPU.Build.0 = Release|Any CPU
		{0003AE6B-F7C2-4A50-B5D0-954F4BF3059F}.Debug|Any CPU.ActiveCfg = Debug|Any CPU
		{0003AE6B-F7C2-4A50-B5D0-954F4BF3059F}.Debug|Any CPU.Build.0 = Debug|Any CPU
		{0003AE6B-F7C2-4A50-B5D0-954F4BF3059F}.Release|Any CPU.ActiveCfg = Release|Any CPU
		{0003AE6B-F7C2-4A50-B5D0-954F4BF3059F}.Release|Any CPU.Build.0 = Release|Any CPU
		{41C81969-BB1E-4875-992B-59031B3E54E9}.Debug|Any CPU.ActiveCfg = Debug|Any CPU
		{41C81969-BB1E-4875-992B-59031B3E54E9}.Debug|Any CPU.Build.0 = Debug|Any CPU
		{41C81969-BB1E-4875-992B-59031B3E54E9}.Release|Any CPU.ActiveCfg = Release|Any CPU
		{41C81969-BB1E-4875-992B-59031B3E54E9}.Release|Any CPU.Build.0 = Release|Any CPU
		{C392564B-614E-4A7E-B112-11762E181668}.Debug|Any CPU.ActiveCfg = Debug|Any CPU
		{C392564B-614E-4A7E-B112-11762E181668}.Debug|Any CPU.Build.0 = Debug|Any CPU
		{C392564B-614E-4A7E-B112-11762E181668}.Release|Any CPU.ActiveCfg = Release|Any CPU
		{C392564B-614E-4A7E-B112-11762E181668}.Release|Any CPU.Build.0 = Release|Any CPU
		{BA096E4C-4C8B-4D94-AC18-C2C266DE1824}.Debug|Any CPU.ActiveCfg = Debug|Any CPU
		{BA096E4C-4C8B-4D94-AC18-C2C266DE1824}.Debug|Any CPU.Build.0 = Debug|Any CPU
		{BA096E4C-4C8B-4D94-AC18-C2C266DE1824}.Release|Any CPU.ActiveCfg = Release|Any CPU
		{BA096E4C-4C8B-4D94-AC18-C2C266DE1824}.Release|Any CPU.Build.0 = Release|Any CPU
		{D8670E1E-19C5-4A9E-8B36-3E6340148B14}.Debug|Any CPU.ActiveCfg = Debug|Any CPU
		{D8670E1E-19C5-4A9E-8B36-3E6340148B14}.Debug|Any CPU.Build.0 = Debug|Any CPU
		{D8670E1E-19C5-4A9E-8B36-3E6340148B14}.Release|Any CPU.ActiveCfg = Release|Any CPU
		{D8670E1E-19C5-4A9E-8B36-3E6340148B14}.Release|Any CPU.Build.0 = Release|Any CPU
		{38365325-0A64-411B-878E-DC5924610CDF}.Debug|Any CPU.ActiveCfg = Debug|Any CPU
		{38365325-0A64-411B-878E-DC5924610CDF}.Debug|Any CPU.Build.0 = Debug|Any CPU
		{38365325-0A64-411B-878E-DC5924610CDF}.Release|Any CPU.ActiveCfg = Release|Any CPU
		{38365325-0A64-411B-878E-DC5924610CDF}.Release|Any CPU.Build.0 = Release|Any CPU
		{5FCD4CA3-134E-41D9-8F66-BA01C9C8B911}.Debug|Any CPU.ActiveCfg = Debug|Any CPU
		{5FCD4CA3-134E-41D9-8F66-BA01C9C8B911}.Debug|Any CPU.Build.0 = Debug|Any CPU
		{5FCD4CA3-134E-41D9-8F66-BA01C9C8B911}.Release|Any CPU.ActiveCfg = Release|Any CPU
		{5FCD4CA3-134E-41D9-8F66-BA01C9C8B911}.Release|Any CPU.Build.0 = Release|Any CPU
		{FE69F654-E673-4869-8A3E-78B07CF67560}.Debug|Any CPU.ActiveCfg = Debug|Any CPU
		{FE69F654-E673-4869-8A3E-78B07CF67560}.Debug|Any CPU.Build.0 = Debug|Any CPU
		{FE69F654-E673-4869-8A3E-78B07CF67560}.Release|Any CPU.ActiveCfg = Release|Any CPU
		{FE69F654-E673-4869-8A3E-78B07CF67560}.Release|Any CPU.Build.0 = Release|Any CPU
	EndGlobalSection
	GlobalSection(SolutionProperties) = preSolution
		HideSolutionNode = FALSE
	EndGlobalSection
	GlobalSection(ExtensibilityGlobals) = postSolution
		SolutionGuid = {A1877611-1A45-4F13-ABEB-14D03813328D}
	EndGlobalSection
EndGlobal
