
Microsoft Visual Studio Solution File, Format Version 12.00
# Visual Studio Version 16
VisualStudioVersion = 16.0.810.25
MinimumVisualStudioVersion = 10.0.40219.1
Project("{FAE04EC0-301F-11D3-BF4B-00C04F79EFBC}") = "P01_SmallestOfThreeNumbers", "P01_SmallestOfThreeNumbers\P01_SmallestOfThreeNumbers.csproj", "{347855EF-18A5-407B-BE18-7D0F59A9F084}"
EndProject
Project("{FAE04EC0-301F-11D3-BF4B-00C04F79EFBC}") = "P02_VowelsCount", "P02_VowelsCount\P02_VowelsCount.csproj", "{415BFDB6-4BB2-4812-AA78-EFC132CBFD7E}"
EndProject
Project("{FAE04EC0-301F-11D3-BF4B-00C04F79EFBC}") = "P03_CharactersInRange", "P03_CharactersInRange\P03_CharactersInRange.csproj", "{45FF50CC-E9B8-4D4A-8158-E412A73305C7}"
EndProject
Project("{FAE04EC0-301F-11D3-BF4B-00C04F79EFBC}") = "P04_PasswordValidator", "P04_PasswordValidator\P04_PasswordValidator.csproj", "{0003AE6B-F7C2-4A50-B5D0-954F4BF3059F}"
EndProject
Project("{FAE04EC0-301F-11D3-BF4B-00C04F79EFBC}") = "P05_AddAndSubtract", "P05_AddAndSubtract\P05_AddAndSubtract.csproj", "{41C81969-BB1E-4875-992B-59031B3E54E9}"
EndProject
Project("{FAE04EC0-301F-11D3-BF4B-00C04F79EFBC}") = "P06_MiddleCharacters", "P06_MiddleCharacters\P06_MiddleCharacters.csproj", "{C392564B-614E-4A7E-B112-11762E181668}"
EndProject
Global
	GlobalSection(SolutionConfigurationPlatforms) = preSolution
		Debug|Any CPU = Debug|Any CPU
		Release|Any CPU = Release|Any CPU
	EndGlobalSection
	GlobalSection(ProjectConfigurationPlatforms) = postSolution
		{347855EF-18A5-407B-BE18-7D0F59A9F084}.Debug|Any CPU.ActiveCfg = Debug|Any CPU
		{347855EF-18A5-407B-BE18-7D0F59A9F084}.Debug|Any CPU.Build.0 = Debug|Any CPU
		{347855EF-18A5-407B-BE18-7D0F59A9F084}.Release|Any CPU.ActiveCfg = Release|Any CPU
		{347855EF-18A5-407B-BE18-7D0F59A9F084}.Release|Any CPU.Build.0 = Release|Any CPU
		{415BFDB6-4BB2-4812-AA78-EFC132CBFD7E}.Debug|Any CPU.ActiveCfg = Debug|Any CPU
		{415BFDB6-4BB2-4812-AA78-EFC132CBFD7E}.Debug|Any CPU.Build.0 = Debug|Any CPU
		{415BFDB6-4BB2-4812-AA78-EFC132CBFD7E}.Release|Any CPU.ActiveCfg = Release|Any CPU
		{415BFDB6-4BB2-4812-AA78-EFC132CBFD7E}.Release|Any CPU.Build.0 = Release|Any CPU
		{45FF50CC-E9B8-4D4A-8158-E412A73305C7}.Debug|Any CPU.ActiveCfg = Debug|Any CPU
		{45FF50CC-E9B8-4D4A-8158-E412A73305C7}.Debug|Any CPU.Build.0 = Debug|Any CPU
		{45FF50CC-E9B8-4D4A-8158-E412A73305C7}.Release|Any CPU.ActiveCfg = Release|Any CPU
		{45FF50CC-E9B8-4D4A-8158-E412A73305C7}.Release|Any CPU.Build.0 = Release|Any CPU
		{0003AE6B-F7C2-4A50-B5D0-954F4BF3059F}.Debug|Any CPU.ActiveCfg = Debug|Any CPU
		{0003AE6B-F7C2-4A50-B5D0-954F4BF3059F}.Debug|Any CPU.Build.0 = Debug|Any CPU
		{0003AE6B-F7C2-4A50-B5D0-954F4BF3059F}.Release|Any CPU.ActiveCfg = Release|Any CPU
		{0003AE6B-F7C2-4A50-B5D0-954F4BF3059F}.Release|Any CPU.Build.0 = Release|Any CPU
		{41C81969-BB1E-4875-992B-59031B3E54E9}.Debug|Any CPU.ActiveCfg = Debug|Any CPU
		{41C81969-BB1E-4875-992B-59031B3E54E9}.Debug|Any CPU.Build.0 = Debug|Any CPU
		{41C81969-BB1E-4875-992B-59031B3E54E9}.Release|Any CPU.ActiveCfg = Release|Any CPU
		{41C81969-BB1E-4875-992B-59031B3E54E9}.Release|Any CPU.Build.0 = Release|Any CPU
		{C392564B-614E-4A7E-B112-11762E181668}.Debug|Any CPU.ActiveCfg = Debug|Any CPU
		{C392564B-614E-4A7E-B112-11762E181668}.Debug|Any CPU.Build.0 = Debug|Any CPU
		{C392564B-614E-4A7E-B112-11762E181668}.Release|Any CPU.ActiveCfg = Release|Any CPU
		{C392564B-614E-4A7E-B112-11762E181668}.Release|Any CPU.Build.0 = Release|Any CPU
	EndGlobalSection
	GlobalSection(SolutionProperties) = preSolution
		HideSolutionNode = FALSE
	EndGlobalSection
	GlobalSection(ExtensibilityGlobals) = postSolution
		SolutionGuid = {A1877611-1A45-4F13-ABEB-14D03813328D}
	EndGlobalSection
EndGlobal
