
Microsoft Visual Studio Solution File, Format Version 12.00
# Visual Studio Version 16
VisualStudioVersion = 16.0.810.25
MinimumVisualStudioVersion = 10.0.40219.1
Project("{FAE04EC0-301F-11D3-BF4B-00C04F79EFBC}") = "P01_Train", "P01_Train\P01_Train.csproj", "{5C79BDFF-88A3-4DE8-AB77-572CFC149542}"
EndProject
Project("{FAE04EC0-301F-11D3-BF4B-00C04F79EFBC}") = "P02_ChangeList", "P02_ChangeList\P02_ChangeList.csproj", "{0291C227-14CE-4B2F-A3FC-98F8CBBDAD3E}"
EndProject
Project("{FAE04EC0-301F-11D3-BF4B-00C04F79EFBC}") = "P03_HouseParty", "P03_HouseParty\P03_HouseParty.csproj", "{D2451733-329E-4CA7-B75D-B5DA590567B7}"
EndProject
Project("{FAE04EC0-301F-11D3-BF4B-00C04F79EFBC}") = "P04_ListOperations", "P04_ListOperations\P04_ListOperations.csproj", "{B19CDB52-0742-4039-AEC5-77F58CED039E}"
EndProject
Project("{FAE04EC0-301F-11D3-BF4B-00C04F79EFBC}") = "P05_BombNumbers", "P05_BombNumbers\P05_BombNumbers.csproj", "{1C5E73A6-6E65-439F-B247-724C38345CDA}"
EndProject
Project("{FAE04EC0-301F-11D3-BF4B-00C04F79EFBC}") = "P06_CardsGame", "P06_CardsGame\P06_CardsGame.csproj", "{B19C3E32-9EFF-4653-B6B4-073D71EA1797}"
EndProject
Project("{FAE04EC0-301F-11D3-BF4B-00C04F79EFBC}") = "P07_AppendArrays", "P07_AppendArrays\P07_AppendArrays.csproj", "{C1D8B5F4-9F98-4172-9D79-428A3AC3C5EA}"
EndProject
Global
	GlobalSection(SolutionConfigurationPlatforms) = preSolution
		Debug|Any CPU = Debug|Any CPU
		Release|Any CPU = Release|Any CPU
	EndGlobalSection
	GlobalSection(ProjectConfigurationPlatforms) = postSolution
		{5C79BDFF-88A3-4DE8-AB77-572CFC149542}.Debug|Any CPU.ActiveCfg = Debug|Any CPU
		{5C79BDFF-88A3-4DE8-AB77-572CFC149542}.Debug|Any CPU.Build.0 = Debug|Any CPU
		{5C79BDFF-88A3-4DE8-AB77-572CFC149542}.Release|Any CPU.ActiveCfg = Release|Any CPU
		{5C79BDFF-88A3-4DE8-AB77-572CFC149542}.Release|Any CPU.Build.0 = Release|Any CPU
		{0291C227-14CE-4B2F-A3FC-98F8CBBDAD3E}.Debug|Any CPU.ActiveCfg = Debug|Any CPU
		{0291C227-14CE-4B2F-A3FC-98F8CBBDAD3E}.Debug|Any CPU.Build.0 = Debug|Any CPU
		{0291C227-14CE-4B2F-A3FC-98F8CBBDAD3E}.Release|Any CPU.ActiveCfg = Release|Any CPU
		{0291C227-14CE-4B2F-A3FC-98F8CBBDAD3E}.Release|Any CPU.Build.0 = Release|Any CPU
		{D2451733-329E-4CA7-B75D-B5DA590567B7}.Debug|Any CPU.ActiveCfg = Debug|Any CPU
		{D2451733-329E-4CA7-B75D-B5DA590567B7}.Debug|Any CPU.Build.0 = Debug|Any CPU
		{D2451733-329E-4CA7-B75D-B5DA590567B7}.Release|Any CPU.ActiveCfg = Release|Any CPU
		{D2451733-329E-4CA7-B75D-B5DA590567B7}.Release|Any CPU.Build.0 = Release|Any CPU
		{B19CDB52-0742-4039-AEC5-77F58CED039E}.Debug|Any CPU.ActiveCfg = Debug|Any CPU
		{B19CDB52-0742-4039-AEC5-77F58CED039E}.Debug|Any CPU.Build.0 = Debug|Any CPU
		{B19CDB52-0742-4039-AEC5-77F58CED039E}.Release|Any CPU.ActiveCfg = Release|Any CPU
		{B19CDB52-0742-4039-AEC5-77F58CED039E}.Release|Any CPU.Build.0 = Release|Any CPU
		{1C5E73A6-6E65-439F-B247-724C38345CDA}.Debug|Any CPU.ActiveCfg = Debug|Any CPU
		{1C5E73A6-6E65-439F-B247-724C38345CDA}.Debug|Any CPU.Build.0 = Debug|Any CPU
		{1C5E73A6-6E65-439F-B247-724C38345CDA}.Release|Any CPU.ActiveCfg = Release|Any CPU
		{1C5E73A6-6E65-439F-B247-724C38345CDA}.Release|Any CPU.Build.0 = Release|Any CPU
		{B19C3E32-9EFF-4653-B6B4-073D71EA1797}.Debug|Any CPU.ActiveCfg = Debug|Any CPU
		{B19C3E32-9EFF-4653-B6B4-073D71EA1797}.Debug|Any CPU.Build.0 = Debug|Any CPU
		{B19C3E32-9EFF-4653-B6B4-073D71EA1797}.Release|Any CPU.ActiveCfg = Release|Any CPU
		{B19C3E32-9EFF-4653-B6B4-073D71EA1797}.Release|Any CPU.Build.0 = Release|Any CPU
		{C1D8B5F4-9F98-4172-9D79-428A3AC3C5EA}.Debug|Any CPU.ActiveCfg = Debug|Any CPU
		{C1D8B5F4-9F98-4172-9D79-428A3AC3C5EA}.Debug|Any CPU.Build.0 = Debug|Any CPU
		{C1D8B5F4-9F98-4172-9D79-428A3AC3C5EA}.Release|Any CPU.ActiveCfg = Release|Any CPU
		{C1D8B5F4-9F98-4172-9D79-428A3AC3C5EA}.Release|Any CPU.Build.0 = Release|Any CPU
	EndGlobalSection
	GlobalSection(SolutionProperties) = preSolution
		HideSolutionNode = FALSE
	EndGlobalSection
	GlobalSection(ExtensibilityGlobals) = postSolution
		SolutionGuid = {BACACD36-71C5-4C21-9544-13A2A0B90E74}
	EndGlobalSection
EndGlobal
