
Microsoft Visual Studio Solution File, Format Version 12.00
# Visual Studio Version 16
VisualStudioVersion = 16.0.810.25
MinimumVisualStudioVersion = 10.0.40219.1
Project("{FAE04EC0-301F-11D3-BF4B-00C04F79EFBC}") = "P01_Train", "P01_Train\P01_Train.csproj", "{5C79BDFF-88A3-4DE8-AB77-572CFC149542}"
EndProject
Project("{FAE04EC0-301F-11D3-BF4B-00C04F79EFBC}") = "P02_ChangeList", "P02_ChangeList\P02_ChangeList.csproj", "{0291C227-14CE-4B2F-A3FC-98F8CBBDAD3E}"
EndProject
Global
	GlobalSection(SolutionConfigurationPlatforms) = preSolution
		Debug|Any CPU = Debug|Any CPU
		Release|Any CPU = Release|Any CPU
	EndGlobalSection
	GlobalSection(ProjectConfigurationPlatforms) = postSolution
		{5C79BDFF-88A3-4DE8-AB77-572CFC149542}.Debug|Any CPU.ActiveCfg = Debug|Any CPU
		{5C79BDFF-88A3-4DE8-AB77-572CFC149542}.Debug|Any CPU.Build.0 = Debug|Any CPU
		{5C79BDFF-88A3-4DE8-AB77-572CFC149542}.Release|Any CPU.ActiveCfg = Release|Any CPU
		{5C79BDFF-88A3-4DE8-AB77-572CFC149542}.Release|Any CPU.Build.0 = Release|Any CPU
		{0291C227-14CE-4B2F-A3FC-98F8CBBDAD3E}.Debug|Any CPU.ActiveCfg = Debug|Any CPU
		{0291C227-14CE-4B2F-A3FC-98F8CBBDAD3E}.Debug|Any CPU.Build.0 = Debug|Any CPU
		{0291C227-14CE-4B2F-A3FC-98F8CBBDAD3E}.Release|Any CPU.ActiveCfg = Release|Any CPU
		{0291C227-14CE-4B2F-A3FC-98F8CBBDAD3E}.Release|Any CPU.Build.0 = Release|Any CPU
	EndGlobalSection
	GlobalSection(SolutionProperties) = preSolution
		HideSolutionNode = FALSE
	EndGlobalSection
	GlobalSection(ExtensibilityGlobals) = postSolution
		SolutionGuid = {BACACD36-71C5-4C21-9544-13A2A0B90E74}
	EndGlobalSection
EndGlobal
