
Microsoft Visual Studio Solution File, Format Version 12.00
# Visual Studio Version 16
VisualStudioVersion = 25.0.1703.1
MinimumVisualStudioVersion = 10.0.40219.1
Project("{FAE04EC0-301F-11D3-BF4B-00C04F79EFBC}") = "01_SortNumbers", "01_SortNumbers.csproj", "{7C31B659-BE1C-42E2-9784-9106C0B5EBAC}"
EndProject
Global
	GlobalSection(SolutionConfigurationPlatforms) = preSolution
		Debug|Any CPU = Debug|Any CPU
		Release|Any CPU = Release|Any CPU
	EndGlobalSection
	GlobalSection(ProjectConfigurationPlatforms) = postSolution
		{7C31B659-BE1C-42E2-9784-9106C0B5EBAC}.Debug|Any CPU.ActiveCfg = Debug|Any CPU
		{7C31B659-BE1C-42E2-9784-9106C0B5EBAC}.Debug|Any CPU.Build.0 = Debug|Any CPU
		{7C31B659-BE1C-42E2-9784-9106C0B5EBAC}.Release|Any CPU.ActiveCfg = Release|Any CPU
		{7C31B659-BE1C-42E2-9784-9106C0B5EBAC}.Release|Any CPU.Build.0 = Release|Any CPU
	EndGlobalSection
	GlobalSection(SolutionProperties) = preSolution
		HideSolutionNode = FALSE
	EndGlobalSection
	GlobalSection(ExtensibilityGlobals) = postSolution
		SolutionGuid = {A7BAA9D5-943D-423C-B990-E385CB7E3FCF}
	EndGlobalSection
EndGlobal
