
Microsoft Visual Studio Solution File, Format Version 12.00
# Visual Studio Version 16
VisualStudioVersion = 25.0.1704.0
MinimumVisualStudioVersion = 10.0.40219.1
Project("{FAE04EC0-301F-11D3-BF4B-00C04F79EFBC}") = "P01_ActivationKeys", "P01_ActivationKeys\P01_ActivationKeys.csproj", "{A2C69148-8476-40FA-8C0D-207EBCF97635}"
EndProject
Project("{FAE04EC0-301F-11D3-BF4B-00C04F79EFBC}") = "P02_EmojiDetector", "P02_EmojiDetector\P02_EmojiDetector.csproj", "{B11E5B6D-7BB8-4C99-B789-E44E4068D0B3}"
EndProject
Project("{FAE04EC0-301F-11D3-BF4B-00C04F79EFBC}") = "P03_HeroesOfCodeAndLogicVII", "P03_HeroesOfCodeAndLogicVII\P03_HeroesOfCodeAndLogicVII.csproj", "{D22AB500-3BD4-452A-854E-AF62C2D12166}"
EndProject
Global
	GlobalSection(SolutionConfigurationPlatforms) = preSolution
		Debug|Any CPU = Debug|Any CPU
		Release|Any CPU = Release|Any CPU
	EndGlobalSection
	GlobalSection(ProjectConfigurationPlatforms) = postSolution
		{A2C69148-8476-40FA-8C0D-207EBCF97635}.Debug|Any CPU.ActiveCfg = Debug|Any CPU
		{A2C69148-8476-40FA-8C0D-207EBCF97635}.Debug|Any CPU.Build.0 = Debug|Any CPU
		{A2C69148-8476-40FA-8C0D-207EBCF97635}.Release|Any CPU.ActiveCfg = Release|Any CPU
		{A2C69148-8476-40FA-8C0D-207EBCF97635}.Release|Any CPU.Build.0 = Release|Any CPU
		{B11E5B6D-7BB8-4C99-B789-E44E4068D0B3}.Debug|Any CPU.ActiveCfg = Debug|Any CPU
		{B11E5B6D-7BB8-4C99-B789-E44E4068D0B3}.Debug|Any CPU.Build.0 = Debug|Any CPU
		{B11E5B6D-7BB8-4C99-B789-E44E4068D0B3}.Release|Any CPU.ActiveCfg = Release|Any CPU
		{B11E5B6D-7BB8-4C99-B789-E44E4068D0B3}.Release|Any CPU.Build.0 = Release|Any CPU
		{D22AB500-3BD4-452A-854E-AF62C2D12166}.Debug|Any CPU.ActiveCfg = Debug|Any CPU
		{D22AB500-3BD4-452A-854E-AF62C2D12166}.Debug|Any CPU.Build.0 = Debug|Any CPU
		{D22AB500-3BD4-452A-854E-AF62C2D12166}.Release|Any CPU.ActiveCfg = Release|Any CPU
		{D22AB500-3BD4-452A-854E-AF62C2D12166}.Release|Any CPU.Build.0 = Release|Any CPU
	EndGlobalSection
	GlobalSection(SolutionProperties) = preSolution
		HideSolutionNode = FALSE
	EndGlobalSection
	GlobalSection(ExtensibilityGlobals) = postSolution
		SolutionGuid = {CEAFFAD1-843D-4DC8-899F-9E15C37A269A}
	EndGlobalSection
EndGlobal
