
Microsoft Visual Studio Solution File, Format Version 12.00
# Visual Studio Version 16
VisualStudioVersion = 25.0.1704.0
MinimumVisualStudioVersion = 10.0.40219.1
Project("{FAE04EC0-301F-11D3-BF4B-00C04F79EFBC}") = "P01_ActivationKeys", "P01_ActivationKeys\P01_ActivationKeys.csproj", "{A2C69148-8476-40FA-8C0D-207EBCF97635}"
EndProject
Global
	GlobalSection(SolutionConfigurationPlatforms) = preSolution
		Debug|Any CPU = Debug|Any CPU
		Release|Any CPU = Release|Any CPU
	EndGlobalSection
	GlobalSection(ProjectConfigurationPlatforms) = postSolution
		{A2C69148-8476-40FA-8C0D-207EBCF97635}.Debug|Any CPU.ActiveCfg = Debug|Any CPU
		{A2C69148-8476-40FA-8C0D-207EBCF97635}.Debug|Any CPU.Build.0 = Debug|Any CPU
		{A2C69148-8476-40FA-8C0D-207EBCF97635}.Release|Any CPU.ActiveCfg = Release|Any CPU
		{A2C69148-8476-40FA-8C0D-207EBCF97635}.Release|Any CPU.Build.0 = Release|Any CPU
	EndGlobalSection
	GlobalSection(SolutionProperties) = preSolution
		HideSolutionNode = FALSE
	EndGlobalSection
	GlobalSection(ExtensibilityGlobals) = postSolution
		SolutionGuid = {CEAFFAD1-843D-4DC8-899F-9E15C37A269A}
	EndGlobalSection
EndGlobal
