
Microsoft Visual Studio Solution File, Format Version 12.00
# Visual Studio Version 16
VisualStudioVersion = 16.0.810.25
MinimumVisualStudioVersion = 10.0.40219.1
Project("{FAE04EC0-301F-11D3-BF4B-00C04F79EFBC}") = "P01_SumAdjacentEqualNumbers", "P01_SumAdjacentEqualNumbers\P01_SumAdjacentEqualNumbers.csproj", "{092C862F-81FB-4DF4-95B4-D7DF30E76A6C}"
EndProject
Project("{FAE04EC0-301F-11D3-BF4B-00C04F79EFBC}") = "P02_GaussTrick", "P02_GaussTrick\P02_GaussTrick.csproj", "{9EDA5DAA-77DC-4B7C-AF26-E46FE3730C5D}"
EndProject
Project("{FAE04EC0-301F-11D3-BF4B-00C04F79EFBC}") = "P03_MergingLists", "P03_MergingLists\P03_MergingLists.csproj", "{280009E1-4BA2-4511-9A9E-E297EB60DF08}"
EndProject
Global
	GlobalSection(SolutionConfigurationPlatforms) = preSolution
		Debug|Any CPU = Debug|Any CPU
		Release|Any CPU = Release|Any CPU
	EndGlobalSection
	GlobalSection(ProjectConfigurationPlatforms) = postSolution
		{092C862F-81FB-4DF4-95B4-D7DF30E76A6C}.Debug|Any CPU.ActiveCfg = Debug|Any CPU
		{092C862F-81FB-4DF4-95B4-D7DF30E76A6C}.Debug|Any CPU.Build.0 = Debug|Any CPU
		{092C862F-81FB-4DF4-95B4-D7DF30E76A6C}.Release|Any CPU.ActiveCfg = Release|Any CPU
		{092C862F-81FB-4DF4-95B4-D7DF30E76A6C}.Release|Any CPU.Build.0 = Release|Any CPU
		{9EDA5DAA-77DC-4B7C-AF26-E46FE3730C5D}.Debug|Any CPU.ActiveCfg = Debug|Any CPU
		{9EDA5DAA-77DC-4B7C-AF26-E46FE3730C5D}.Debug|Any CPU.Build.0 = Debug|Any CPU
		{9EDA5DAA-77DC-4B7C-AF26-E46FE3730C5D}.Release|Any CPU.ActiveCfg = Release|Any CPU
		{9EDA5DAA-77DC-4B7C-AF26-E46FE3730C5D}.Release|Any CPU.Build.0 = Release|Any CPU
		{280009E1-4BA2-4511-9A9E-E297EB60DF08}.Debug|Any CPU.ActiveCfg = Debug|Any CPU
		{280009E1-4BA2-4511-9A9E-E297EB60DF08}.Debug|Any CPU.Build.0 = Debug|Any CPU
		{280009E1-4BA2-4511-9A9E-E297EB60DF08}.Release|Any CPU.ActiveCfg = Release|Any CPU
		{280009E1-4BA2-4511-9A9E-E297EB60DF08}.Release|Any CPU.Build.0 = Release|Any CPU
	EndGlobalSection
	GlobalSection(SolutionProperties) = preSolution
		HideSolutionNode = FALSE
	EndGlobalSection
	GlobalSection(ExtensibilityGlobals) = postSolution
		SolutionGuid = {91F4486D-4ECC-46C4-9A4B-D0FBF4F3E858}
	EndGlobalSection
EndGlobal
