
Microsoft Visual Studio Solution File, Format Version 12.00
# Visual Studio Version 16
VisualStudioVersion = 25.0.1703.1
MinimumVisualStudioVersion = 10.0.40219.1
Project("{FAE04EC0-301F-11D3-BF4B-00C04F79EFBC}") = "P01_StudentInformation", "P01_StudentInformation\P01_StudentInformation.csproj", "{E2465278-0256-4CC3-861F-E44DF717CFE4}"
EndProject
Project("{FAE04EC0-301F-11D3-BF4B-00C04F79EFBC}") = "P02_Passed", "P02_Passed\P02_Passed.csproj", "{D51B7259-4EFA-47C2-9101-1B3FB050693C}"
EndProject
Project("{FAE04EC0-301F-11D3-BF4B-00C04F79EFBC}") = "P03_PassedOrFailed", "P03_PassedOrFailed\P03_PassedOrFailed.csproj", "{AC47D7DE-E0BD-442B-A4EB-1A5410A9BD4F}"
EndProject
Project("{FAE04EC0-301F-11D3-BF4B-00C04F79EFBC}") = "P04_BackIn30Minutes", "P04_BackIn30Minutes\P04_BackIn30Minutes.csproj", "{A587C9A9-D3C4-4FF0-8F7B-AFA7E1380E00}"
EndProject
Project("{FAE04EC0-301F-11D3-BF4B-00C04F79EFBC}") = "P05_MonthPrinter", "P05_MonthPrinter\P05_MonthPrinter.csproj", "{B4CD5223-F37F-495B-B43A-E5912E2FE6CC}"
EndProject
Project("{FAE04EC0-301F-11D3-BF4B-00C04F79EFBC}") = "P06_ForeignLanguages", "P06_ForeignLanguages\P06_ForeignLanguages.csproj", "{ECB8F5D4-F966-483D-8939-4B65ACAA7FAC}"
EndProject
Project("{FAE04EC0-301F-11D3-BF4B-00C04F79EFBC}") = "P07_TheatrePromotions", "P07_TheatrePromotions\P07_TheatrePromotions.csproj", "{B5A0140A-ED53-4992-83C0-F86E220572D0}"
EndProject
Project("{FAE04EC0-301F-11D3-BF4B-00C04F79EFBC}") = "P08_DivisibleBy3", "P08_DivisibleBy3\P08_DivisibleBy3.csproj", "{4709B50D-B683-4564-872A-BA352CD3EFC5}"
EndProject
Project("{FAE04EC0-301F-11D3-BF4B-00C04F79EFBC}") = "P09_SumOfOddNumbers", "P09_SumOfOddNumbers\P09_SumOfOddNumbers.csproj", "{34264E1F-A88A-4E68-AFF6-CF82E0356CF5}"
EndProject
Project("{FAE04EC0-301F-11D3-BF4B-00C04F79EFBC}") = "P10_MultiplicationTable", "P10_MultiplicationTable\P10_MultiplicationTable.csproj", "{385021D4-6E7A-44BB-9AAC-3314FDB2526C}"
EndProject
Project("{FAE04EC0-301F-11D3-BF4B-00C04F79EFBC}") = "P11_MultiplicationTable2.0", "P11_MultiplicationTable2.0\P11_MultiplicationTable2.0.csproj", "{FB065E57-682E-4A81-90BC-775F4BF45462}"
EndProject
Project("{FAE04EC0-301F-11D3-BF4B-00C04F79EFBC}") = "P12_EvenNumber", "P12_EvenNumber\P12_EvenNumber.csproj", "{11EE0539-ED14-4796-BE15-4687DABDC203}"
EndProject
Project("{FAE04EC0-301F-11D3-BF4B-00C04F79EFBC}") = "P13_HolidaysBetweenTwoDates", "P13_HolidaysBetweenTwoDates\P13_HolidaysBetweenTwoDates.csproj", "{72739D24-1553-4C6C-ADA2-D2FBAEAE81A7}"
EndProject
Global
	GlobalSection(SolutionConfigurationPlatforms) = preSolution
		Debug|Any CPU = Debug|Any CPU
		Release|Any CPU = Release|Any CPU
	EndGlobalSection
	GlobalSection(ProjectConfigurationPlatforms) = postSolution
		{E2465278-0256-4CC3-861F-E44DF717CFE4}.Debug|Any CPU.ActiveCfg = Debug|Any CPU
		{E2465278-0256-4CC3-861F-E44DF717CFE4}.Debug|Any CPU.Build.0 = Debug|Any CPU
		{E2465278-0256-4CC3-861F-E44DF717CFE4}.Release|Any CPU.ActiveCfg = Release|Any CPU
		{E2465278-0256-4CC3-861F-E44DF717CFE4}.Release|Any CPU.Build.0 = Release|Any CPU
		{D51B7259-4EFA-47C2-9101-1B3FB050693C}.Debug|Any CPU.ActiveCfg = Debug|Any CPU
		{D51B7259-4EFA-47C2-9101-1B3FB050693C}.Debug|Any CPU.Build.0 = Debug|Any CPU
		{D51B7259-4EFA-47C2-9101-1B3FB050693C}.Release|Any CPU.ActiveCfg = Release|Any CPU
		{D51B7259-4EFA-47C2-9101-1B3FB050693C}.Release|Any CPU.Build.0 = Release|Any CPU
		{AC47D7DE-E0BD-442B-A4EB-1A5410A9BD4F}.Debug|Any CPU.ActiveCfg = Debug|Any CPU
		{AC47D7DE-E0BD-442B-A4EB-1A5410A9BD4F}.Debug|Any CPU.Build.0 = Debug|Any CPU
		{AC47D7DE-E0BD-442B-A4EB-1A5410A9BD4F}.Release|Any CPU.ActiveCfg = Release|Any CPU
		{AC47D7DE-E0BD-442B-A4EB-1A5410A9BD4F}.Release|Any CPU.Build.0 = Release|Any CPU
		{A587C9A9-D3C4-4FF0-8F7B-AFA7E1380E00}.Debug|Any CPU.ActiveCfg = Debug|Any CPU
		{A587C9A9-D3C4-4FF0-8F7B-AFA7E1380E00}.Debug|Any CPU.Build.0 = Debug|Any CPU
		{A587C9A9-D3C4-4FF0-8F7B-AFA7E1380E00}.Release|Any CPU.ActiveCfg = Release|Any CPU
		{A587C9A9-D3C4-4FF0-8F7B-AFA7E1380E00}.Release|Any CPU.Build.0 = Release|Any CPU
		{B4CD5223-F37F-495B-B43A-E5912E2FE6CC}.Debug|Any CPU.ActiveCfg = Debug|Any CPU
		{B4CD5223-F37F-495B-B43A-E5912E2FE6CC}.Debug|Any CPU.Build.0 = Debug|Any CPU
		{B4CD5223-F37F-495B-B43A-E5912E2FE6CC}.Release|Any CPU.ActiveCfg = Release|Any CPU
		{B4CD5223-F37F-495B-B43A-E5912E2FE6CC}.Release|Any CPU.Build.0 = Release|Any CPU
		{ECB8F5D4-F966-483D-8939-4B65ACAA7FAC}.Debug|Any CPU.ActiveCfg = Debug|Any CPU
		{ECB8F5D4-F966-483D-8939-4B65ACAA7FAC}.Debug|Any CPU.Build.0 = Debug|Any CPU
		{ECB8F5D4-F966-483D-8939-4B65ACAA7FAC}.Release|Any CPU.ActiveCfg = Release|Any CPU
		{ECB8F5D4-F966-483D-8939-4B65ACAA7FAC}.Release|Any CPU.Build.0 = Release|Any CPU
		{B5A0140A-ED53-4992-83C0-F86E220572D0}.Debug|Any CPU.ActiveCfg = Debug|Any CPU
		{B5A0140A-ED53-4992-83C0-F86E220572D0}.Debug|Any CPU.Build.0 = Debug|Any CPU
		{B5A0140A-ED53-4992-83C0-F86E220572D0}.Release|Any CPU.ActiveCfg = Release|Any CPU
		{B5A0140A-ED53-4992-83C0-F86E220572D0}.Release|Any CPU.Build.0 = Release|Any CPU
		{4709B50D-B683-4564-872A-BA352CD3EFC5}.Debug|Any CPU.ActiveCfg = Debug|Any CPU
		{4709B50D-B683-4564-872A-BA352CD3EFC5}.Debug|Any CPU.Build.0 = Debug|Any CPU
		{4709B50D-B683-4564-872A-BA352CD3EFC5}.Release|Any CPU.ActiveCfg = Release|Any CPU
		{4709B50D-B683-4564-872A-BA352CD3EFC5}.Release|Any CPU.Build.0 = Release|Any CPU
		{34264E1F-A88A-4E68-AFF6-CF82E0356CF5}.Debug|Any CPU.ActiveCfg = Debug|Any CPU
		{34264E1F-A88A-4E68-AFF6-CF82E0356CF5}.Debug|Any CPU.Build.0 = Debug|Any CPU
		{34264E1F-A88A-4E68-AFF6-CF82E0356CF5}.Release|Any CPU.ActiveCfg = Release|Any CPU
		{34264E1F-A88A-4E68-AFF6-CF82E0356CF5}.Release|Any CPU.Build.0 = Release|Any CPU
		{385021D4-6E7A-44BB-9AAC-3314FDB2526C}.Debug|Any CPU.ActiveCfg = Debug|Any CPU
		{385021D4-6E7A-44BB-9AAC-3314FDB2526C}.Debug|Any CPU.Build.0 = Debug|Any CPU
		{385021D4-6E7A-44BB-9AAC-3314FDB2526C}.Release|Any CPU.ActiveCfg = Release|Any CPU
		{385021D4-6E7A-44BB-9AAC-3314FDB2526C}.Release|Any CPU.Build.0 = Release|Any CPU
		{FB065E57-682E-4A81-90BC-775F4BF45462}.Debug|Any CPU.ActiveCfg = Debug|Any CPU
		{FB065E57-682E-4A81-90BC-775F4BF45462}.Debug|Any CPU.Build.0 = Debug|Any CPU
		{FB065E57-682E-4A81-90BC-775F4BF45462}.Release|Any CPU.ActiveCfg = Release|Any CPU
		{FB065E57-682E-4A81-90BC-775F4BF45462}.Release|Any CPU.Build.0 = Release|Any CPU
		{11EE0539-ED14-4796-BE15-4687DABDC203}.Debug|Any CPU.ActiveCfg = Debug|Any CPU
		{11EE0539-ED14-4796-BE15-4687DABDC203}.Debug|Any CPU.Build.0 = Debug|Any CPU
		{11EE0539-ED14-4796-BE15-4687DABDC203}.Release|Any CPU.ActiveCfg = Release|Any CPU
		{11EE0539-ED14-4796-BE15-4687DABDC203}.Release|Any CPU.Build.0 = Release|Any CPU
		{72739D24-1553-4C6C-ADA2-D2FBAEAE81A7}.Debug|Any CPU.ActiveCfg = Debug|Any CPU
		{72739D24-1553-4C6C-ADA2-D2FBAEAE81A7}.Debug|Any CPU.Build.0 = Debug|Any CPU
		{72739D24-1553-4C6C-ADA2-D2FBAEAE81A7}.Release|Any CPU.ActiveCfg = Release|Any CPU
		{72739D24-1553-4C6C-ADA2-D2FBAEAE81A7}.Release|Any CPU.Build.0 = Release|Any CPU
	EndGlobalSection
	GlobalSection(SolutionProperties) = preSolution
		HideSolutionNode = FALSE
	EndGlobalSection
	GlobalSection(ExtensibilityGlobals) = postSolution
		SolutionGuid = {B2DD4B51-C110-463C-B021-EE8429C983CE}
	EndGlobalSection
EndGlobal
