
Microsoft Visual Studio Solution File, Format Version 12.00
# Visual Studio Version 16
VisualStudioVersion = 25.0.1703.1
MinimumVisualStudioVersion = 10.0.40219.1
Project("{FAE04EC0-301F-11D3-BF4B-00C04F79EFBC}") = "P01SortNumbers", "P01SortNumbers\P01SortNumbers.csproj", "{12E897D1-6D2C-4332-9963-1F21641146D7}"
EndProject
Global
	GlobalSection(SolutionConfigurationPlatforms) = preSolution
		Debug|Any CPU = Debug|Any CPU
		Release|Any CPU = Release|Any CPU
	EndGlobalSection
	GlobalSection(ProjectConfigurationPlatforms) = postSolution
		{12E897D1-6D2C-4332-9963-1F21641146D7}.Debug|Any CPU.ActiveCfg = Debug|Any CPU
		{12E897D1-6D2C-4332-9963-1F21641146D7}.Debug|Any CPU.Build.0 = Debug|Any CPU
		{12E897D1-6D2C-4332-9963-1F21641146D7}.Release|Any CPU.ActiveCfg = Release|Any CPU
		{12E897D1-6D2C-4332-9963-1F21641146D7}.Release|Any CPU.Build.0 = Release|Any CPU
	EndGlobalSection
	GlobalSection(SolutionProperties) = preSolution
		HideSolutionNode = FALSE
	EndGlobalSection
	GlobalSection(ExtensibilityGlobals) = postSolution
		SolutionGuid = {E17F4B27-10FD-4DA9-A568-FD5C7EE1B2F2}
	EndGlobalSection
EndGlobal
