
Microsoft Visual Studio Solution File, Format Version 12.00
# Visual Studio Version 16
VisualStudioVersion = 25.0.1704.0
MinimumVisualStudioVersion = 10.0.40219.1
Project("{FAE04EC0-301F-11D3-BF4B-00C04F79EFBC}") = "P01_ValidUsernames", "P01_ValidUsernames\P01_ValidUsernames.csproj", "{B5A1B488-8217-4DFF-8E4B-E582E8E2101C}"
EndProject
Project("{FAE04EC0-301F-11D3-BF4B-00C04F79EFBC}") = "P02_CharacterMultiplier", "P02_CharacterMultiplier\P02_CharacterMultiplier.csproj", "{15893829-2DDC-4818-A963-4A11A16146B9}"
EndProject
Project("{FAE04EC0-301F-11D3-BF4B-00C04F79EFBC}") = "P03_ExtractFile", "P03_ExtractFile\P03_ExtractFile.csproj", "{687A8B5F-FE46-4DD5-A270-179DC8449F9A}"
EndProject
Global
	GlobalSection(SolutionConfigurationPlatforms) = preSolution
		Debug|Any CPU = Debug|Any CPU
		Release|Any CPU = Release|Any CPU
	EndGlobalSection
	GlobalSection(ProjectConfigurationPlatforms) = postSolution
		{B5A1B488-8217-4DFF-8E4B-E582E8E2101C}.Debug|Any CPU.ActiveCfg = Debug|Any CPU
		{B5A1B488-8217-4DFF-8E4B-E582E8E2101C}.Debug|Any CPU.Build.0 = Debug|Any CPU
		{B5A1B488-8217-4DFF-8E4B-E582E8E2101C}.Release|Any CPU.ActiveCfg = Release|Any CPU
		{B5A1B488-8217-4DFF-8E4B-E582E8E2101C}.Release|Any CPU.Build.0 = Release|Any CPU
		{15893829-2DDC-4818-A963-4A11A16146B9}.Debug|Any CPU.ActiveCfg = Debug|Any CPU
		{15893829-2DDC-4818-A963-4A11A16146B9}.Debug|Any CPU.Build.0 = Debug|Any CPU
		{15893829-2DDC-4818-A963-4A11A16146B9}.Release|Any CPU.ActiveCfg = Release|Any CPU
		{15893829-2DDC-4818-A963-4A11A16146B9}.Release|Any CPU.Build.0 = Release|Any CPU
		{687A8B5F-FE46-4DD5-A270-179DC8449F9A}.Debug|Any CPU.ActiveCfg = Debug|Any CPU
		{687A8B5F-FE46-4DD5-A270-179DC8449F9A}.Debug|Any CPU.Build.0 = Debug|Any CPU
		{687A8B5F-FE46-4DD5-A270-179DC8449F9A}.Release|Any CPU.ActiveCfg = Release|Any CPU
		{687A8B5F-FE46-4DD5-A270-179DC8449F9A}.Release|Any CPU.Build.0 = Release|Any CPU
	EndGlobalSection
	GlobalSection(SolutionProperties) = preSolution
		HideSolutionNode = FALSE
	EndGlobalSection
	GlobalSection(ExtensibilityGlobals) = postSolution
		SolutionGuid = {ADE50B98-E1D5-4538-A824-6506E3F3B625}
	EndGlobalSection
EndGlobal
